<?xml version="1.0" encoding="utf-8"?>
<Project ToolsVersion="4.0" xmlns="http://schemas.microsoft.com/developer/msbuild/2003">
  <ItemGroup>
    <Filter Include="源文件">
      <UniqueIdentifier>{4FC737F1-C7A5-4376-A066-2A32D752A2FF}</UniqueIdentifier>
      <Extensions>cpp;c;cc;cxx;c++;cppm;ixx;def;odl;idl;hpj;bat;asm;asmx</Extensions>
    </Filter>
    <Filter Include="头文件">
      <UniqueIdentifier>{93995380-89BD-4b04-88EB-625FBE52EBFB}</UniqueIdentifier>
      <Extensions>h;hh;hpp;hxx;h++;hm;inl;inc;ipp;xsd</Extensions>
    </Filter>
    <Filter Include="资源文件">
      <UniqueIdentifier>{67DA6AB6-F800-4c08-8B7A-83BB121AAD01}</UniqueIdentifier>
      <Extensions>rc;ico;cur;bmp;dlg;rc2;rct;bin;rgs;gif;jpg;jpeg;jpe;resx;tiff;tif;png;wav;mfcribbon-ms</Extensions>
    </Filter>
    <Filter Include="源文件\01 Game Loop Input Collision">
      <UniqueIdentifier>{795F95D7-F67E-45BB-92E9-7EBCA3449211}</UniqueIdentifier>
    </Filter>
    <Filter Include="源文件\02 Shooter Weapon Bullet System">
      <UniqueIdentifier>{94D6AE40-F883-474E-9EBD-CC5F7D3A1296}</UniqueIdentifier>
    </Filter>
    <Filter Include="源文件\03 Soulslike Stamina Dodge Parry Combat">
      <UniqueIdentifier>{0257D0AC-CB31-42EE-92D7-C13075B1DA91}</UniqueIdentifier>
    </Filter>
    <Filter Include="源文件\04 Action RPG Ability Inventory Quest">
      <UniqueIdentifier>{108E18E7-6B8E-460B-9D2E-A8DC6F3BB6D5}</UniqueIdentifier>
    </Filter>
    <Filter Include="源文件\05 Enemy AI State Machine Patrol Chase Attack">
      <UniqueIdentifier>{97166823-E8FC-4B66-BFBF-5F1136199B47}</UniqueIdentifier>
    </Filter>
    <Filter Include="源文件\06 Action Game Combo LockOn Targeting System">
      <UniqueIdentifier>{4F36489C-3C9B-4578-A1F6-9AB705625973}</UniqueIdentifier>
    </Filter>
    <Filter Include="源文件\07 Game Save Load Player Profile Settings">
      <UniqueIdentifier>{3263B976-9359-455B-887E-BB47F26E277C}</UniqueIdentifier>
    </Filter>
    <Filter Include="源文件\08 Beginner Player Controller Movement Camera Follow Tutorial">
      <UniqueIdentifier>{2DE62B19-2591-4CE2-928B-4F3E53D21BD4}</UniqueIdentifier>
    </Filter>
    <Filter Include="源文件\09 Intermediate Combat Hitbox Hurtbox Frame Data Tutorial">
      <UniqueIdentifier>{FB72AC7A-D303-4615-8EC6-35559F73480A}</UniqueIdentifier>
    </Filter>
    <Filter Include="源文件\10 Advanced Skill Tree Progression Unlock System">
      <UniqueIdentifier>{CE3BA63F-878E-40B8-9854-4830997B8657}</UniqueIdentifier>
    </Filter>
    <Filter Include="源文件\11 Expert Gameplay Event Bus Achievement System">
      <UniqueIdentifier>{6FB388D8-2F63-4798-A5D1-399698A0624C}</UniqueIdentifier>
    </Filter>
    <Filter Include="源文件\12 Advanced Object Pool Projectile Enemy Spawn System">
      <UniqueIdentifier>{9239E571-918F-45A4-85D4-CB77C55CF77A}</UniqueIdentifier>
    </Filter>
    <Filter Include="源文件\13 Expert Behavior Tree Boss AI Phase System">
      <UniqueIdentifier>{32815E78-7334-49E7-B98E-3D22E8F22F61}</UniqueIdentifier>
    </Filter>
    <Filter Include="源文件\14 Master Deterministic Replay Command Buffer System">
      <UniqueIdentifier>{8629B9D7-7A8D-446F-A348-77DA3DC68AC1}</UniqueIdentifier>
    </Filter>
    <Filter Include="源文件\15 Master Rollback Networking Input Prediction System">
      <UniqueIdentifier>{231F5368-6268-4DA9-92CD-CC33FEB61217}</UniqueIdentifier>
    </Filter>
    <Filter Include="源文件\16 Grandmaster ECS Data Oriented Gameplay System">
      <UniqueIdentifier>{04527C59-F2B5-4F5A-8E45-AB14F7278505}</UniqueIdentifier>
    </Filter>
    <Filter Include="源文件\17 Grandmaster Data Driven Loot Table Difficulty Scaling System">
      <UniqueIdentifier>{3C186D15-2DA1-4701-8A27-D0672EA1C758}</UniqueIdentifier>
    </Filter>
    <Filter Include="源文件\99 Project Self Checks For Game Systems">
      <UniqueIdentifier>{9DA2DCE0-F4E3-4647-96CD-6044502D6C71}</UniqueIdentifier>
    </Filter>
    <Filter Include="头文件\Common Game Code">
      <UniqueIdentifier>{949BD027-03C1-44B6-9D80-A69E8978FD1B}</UniqueIdentifier>
    </Filter>
  </ItemGroup>
  <ItemGroup>
    <ClCompile Include="..\01_Game_Loop_Input_Collision\GameLoopDemo.cpp">
      <Filter>源文件\01 Game Loop Input Collision</Filter>
    </ClCompile>
    <ClCompile Include="..\02_Shooter_Weapon_Bullet_System\ShooterDemo.cpp">
      <Filter>源文件\02 Shooter Weapon Bullet System</Filter>
    </ClCompile>
    <ClCompile Include="..\03_Soulslike_Stamina_Dodge_Parry_Combat\SoulslikeDemo.cpp">
      <Filter>源文件\03 Soulslike Stamina Dodge Parry Combat</Filter>
    </ClCompile>
    <ClCompile Include="..\04_Action_RPG_Ability_Inventory_Quest\ActionRPGDemo.cpp">
      <Filter>源文件\04 Action RPG Ability Inventory Quest</Filter>
    </ClCompile>
    <ClCompile Include="..\05_Enemy_AI_State_Machine_Patrol_Chase_Attack\EnemyAIDemo.cpp">
      <Filter>源文件\05 Enemy AI State Machine Patrol Chase Attack</Filter>
    </ClCompile>
    <ClCompile Include="..\06_Action_Game_Combo_LockOn_Targeting_System\ComboLockOnDemo.cpp">
      <Filter>源文件\06 Action Game Combo LockOn Targeting System</Filter>
    </ClCompile>
    <ClCompile Include="..\07_Game_Save_Load_Player_Profile_Settings\SaveLoadDemo.cpp">
      <Filter>源文件\07 Game Save Load Player Profile Settings</Filter>
    </ClCompile>
    <ClCompile Include="..\08_Beginner_Player_Controller_Movement_Camera_Follow_Tutorial\BeginnerPlayerControllerDemo.cpp">
      <Filter>源文件\08 Beginner Player Controller Movement Camera Follow Tutorial</Filter>
    </ClCompile>
    <ClCompile Include="..\09_Intermediate_Combat_Hitbox_Hurtbox_Frame_Data_Tutorial\IntermediateHitboxDemo.cpp">
      <Filter>源文件\09 Intermediate Combat Hitbox Hurtbox Frame Data Tutorial</Filter>
    </ClCompile>
    <ClCompile Include="..\10_Advanced_Skill_Tree_Progression_Unlock_System\AdvancedSkillTreeDemo.cpp">
      <Filter>源文件\10 Advanced Skill Tree Progression Unlock System</Filter>
    </ClCompile>
    <ClCompile Include="..\11_Expert_Gameplay_Event_Bus_Achievement_System\ExpertEventBusDemo.cpp">
      <Filter>源文件\11 Expert Gameplay Event Bus Achievement System</Filter>
    </ClCompile>
    <ClCompile Include="..\12_Advanced_Object_Pool_Projectile_Enemy_Spawn_System\ObjectPoolSpawnDemo.cpp">
      <Filter>源文件\12 Advanced Object Pool Projectile Enemy Spawn System</Filter>
    </ClCompile>
    <ClCompile Include="..\13_Expert_Behavior_Tree_Boss_AI_Phase_System\BossBehaviorTreeDemo.cpp">
      <Filter>源文件\13 Expert Behavior Tree Boss AI Phase System</Filter>
    </ClCompile>
    <ClCompile Include="..\14_Master_Deterministic_Replay_Command_Buffer_System\DeterministicReplayDemo.cpp">
      <Filter>源文件\14 Master Deterministic Replay Command Buffer System</Filter>
    </ClCompile>
    <ClCompile Include="..\15_Master_Rollback_Networking_Input_Prediction_System\RollbackNetworkingDemo.cpp">
      <Filter>源文件\15 Master Rollback Networking Input Prediction System</Filter>
    </ClCompile>
    <ClCompile Include="..\16_Grandmaster_ECS_Data_Oriented_Gameplay_System\ECSDemo.cpp">
      <Filter>源文件\16 Grandmaster ECS Data Oriented Gameplay System</Filter>
    </ClCompile>
    <ClCompile Include="..\17_Grandmaster_Data_Driven_Loot_Table_Difficulty_Scaling_System\LootTableDemo.cpp">
      <Filter>源文件\17 Grandmaster Data Driven Loot Table Difficulty Scaling System</Filter>
    </ClCompile>
    <ClCompile Include="..\99_Project_Self_Checks_For_Game_Systems\SelfCheckDemo.cpp">
      <Filter>源文件\99 Project Self Checks For Game Systems</Filter>
    </ClCompile>
    <ClCompile Include="Game_ProgrammingReference.cpp">
      <Filter>源文件</Filter>
    </ClCompile>
  </ItemGroup>
  <ItemGroup>
    <ClInclude Include="..\01_Game_Loop_Input_Collision\GameLoopDemo.h">
      <Filter>源文件\01 Game Loop Input Collision</Filter>
    </ClInclude>
    <ClInclude Include="..\02_Shooter_Weapon_Bullet_System\ShooterDemo.h">
      <Filter>源文件\02 Shooter Weapon Bullet System</Filter>
    </ClInclude>
    <ClInclude Include="..\03_Soulslike_Stamina_Dodge_Parry_Combat\SoulslikeDemo.h">
      <Filter>源文件\03 Soulslike Stamina Dodge Parry Combat</Filter>
    </ClInclude>
    <ClInclude Include="..\04_Action_RPG_Ability_Inventory_Quest\ActionRPGDemo.h">
      <Filter>源文件\04 Action RPG Ability Inventory Quest</Filter>
    </ClInclude>
    <ClInclude Include="..\05_Enemy_AI_State_Machine_Patrol_Chase_Attack\EnemyAIDemo.h">
      <Filter>源文件\05 Enemy AI State Machine Patrol Chase Attack</Filter>
    </ClInclude>
    <ClInclude Include="..\06_Action_Game_Combo_LockOn_Targeting_System\ComboLockOnDemo.h">
      <Filter>源文件\06 Action Game Combo LockOn Targeting System</Filter>
    </ClInclude>
    <ClInclude Include="..\07_Game_Save_Load_Player_Profile_Settings\SaveLoadDemo.h">
      <Filter>源文件\07 Game Save Load Player Profile Settings</Filter>
    </ClInclude>
    <ClInclude Include="..\08_Beginner_Player_Controller_Movement_Camera_Follow_Tutorial\BeginnerPlayerControllerDemo.h">
      <Filter>源文件\08 Beginner Player Controller Movement Camera Follow Tutorial</Filter>
    </ClInclude>
    <ClInclude Include="..\09_Intermediate_Combat_Hitbox_Hurtbox_Frame_Data_Tutorial\IntermediateHitboxDemo.h">
      <Filter>源文件\09 Intermediate Combat Hitbox Hurtbox Frame Data Tutorial</Filter>
    </ClInclude>
    <ClInclude Include="..\10_Advanced_Skill_Tree_Progression_Unlock_System\AdvancedSkillTreeDemo.h">
      <Filter>源文件\10 Advanced Skill Tree Progression Unlock System</Filter>
    </ClInclude>
    <ClInclude Include="..\11_Expert_Gameplay_Event_Bus_Achievement_System\ExpertEventBusDemo.h">
      <Filter>源文件\11 Expert Gameplay Event Bus Achievement System</Filter>
    </ClInclude>
    <ClInclude Include="..\12_Advanced_Object_Pool_Projectile_Enemy_Spawn_System\ObjectPoolSpawnDemo.h">
      <Filter>源文件\12 Advanced Object Pool Projectile Enemy Spawn System</Filter>
    </ClInclude>
    <ClInclude Include="..\13_Expert_Behavior_Tree_Boss_AI_Phase_System\BossBehaviorTreeDemo.h">
      <Filter>源文件\13 Expert Behavior Tree Boss AI Phase System</Filter>
    </ClInclude>
    <ClInclude Include="..\14_Master_Deterministic_Replay_Command_Buffer_System\DeterministicReplayDemo.h">
      <Filter>源文件\14 Master Deterministic Replay Command Buffer System</Filter>
    </ClInclude>
    <ClInclude Include="..\15_Master_Rollback_Networking_Input_Prediction_System\RollbackNetworkingDemo.h">
      <Filter>源文件\15 Master Rollback Networking Input Prediction System</Filter>
    </ClInclude>
    <ClInclude Include="..\16_Grandmaster_ECS_Data_Oriented_Gameplay_System\ECSDemo.h">
      <Filter>源文件\16 Grandmaster ECS Data Oriented Gameplay System</Filter>
    </ClInclude>
    <ClInclude Include="..\17_Grandmaster_Data_Driven_Loot_Table_Difficulty_Scaling_System\LootTableDemo.h">
      <Filter>源文件\17 Grandmaster Data Driven Loot Table Difficulty Scaling System</Filter>
    </ClInclude>
    <ClInclude Include="..\99_Project_Self_Checks_For_Game_Systems\SelfCheckDemo.h">
      <Filter>源文件\99 Project Self Checks For Game Systems</Filter>
    </ClInclude>
    <ClInclude Include="..\Common_Game_Code\Gameplay\CooldownTimer.h">
      <Filter>头文件\Common Game Code</Filter>
    </ClInclude>
    <ClInclude Include="..\Common_Game_Code\Gameplay\HealthComponent.h">
      <Filter>头文件\Common Game Code</Filter>
    </ClInclude>
    <ClInclude Include="..\Common_Game_Code\Gameplay\ResourcePool.h">
      <Filter>头文件\Common Game Code</Filter>
    </ClInclude>
    <ClInclude Include="..\Common_Game_Code\Math\Vector2.h">
      <Filter>头文件\Common Game Code</Filter>
    </ClInclude>
  </ItemGroup>
</Project>
