<?xml version="1.0" encoding="utf-8"?>
<Project ToolsVersion="4.0" xmlns="http://schemas.microsoft.com/developer/msbuild/2003">
  <ItemGroup>
    <Filter Include="源文件">
      <UniqueIdentifier>{4FC737F1-C7A5-4376-A066-2A32D752A2FF}</UniqueIdentifier>
      <Extensions>cpp;c;cc;cxx;c++;cppm;ixx;def;odl;idl;hpj;bat;asm;asmx</Extensions>
    </Filter>
    <Filter Include="头文件">
      <UniqueIdentifier>{93995380-89BD-4b04-88EB-625FBE52EBFB}</UniqueIdentifier>
      <Extensions>h;hh;hpp;hxx;h++;hm;inl;inc;ipp;xsd</Extensions>
    </Filter>
    <Filter Include="资源文件">
      <UniqueIdentifier>{67DA6AB6-F800-4c08-8B7A-83BB121AAD01}</UniqueIdentifier>
      <Extensions>rc;ico;cur;bmp;dlg;rc2;rct;bin;rgs;gif;jpg;jpeg;jpe;resx;tiff;tif;png;wav;mfcribbon-ms</Extensions>
    </Filter>
    <Filter Include="源文件\01 Game Loop Input Collision">
      <UniqueIdentifier>{795F95D7-F67E-45BB-92E9-7EBCA3449211}</UniqueIdentifier>
    </Filter>
    <Filter Include="源文件\02 Shooter Weapon Bullet System">
      <UniqueIdentifier>{94D6AE40-F883-474E-9EBD-CC5F7D3A1296}</UniqueIdentifier>
    </Filter>
    <Filter Include="源文件\03 Soulslike Stamina Dodge Parry Combat">
      <UniqueIdentifier>{0257D0AC-CB31-42EE-92D7-C13075B1DA91}</UniqueIdentifier>
    </Filter>
    <Filter Include="源文件\04 Action RPG Ability Inventory Quest">
      <UniqueIdentifier>{108E18E7-6B8E-460B-9D2E-A8DC6F3BB6D5}</UniqueIdentifier>
    </Filter>
    <Filter Include="源文件\05 Enemy AI State Machine Patrol Chase Attack">
      <UniqueIdentifier>{97166823-E8FC-4B66-BFBF-5F1136199B47}</UniqueIdentifier>
    </Filter>
    <Filter Include="源文件\06 Action Game Combo LockOn Targeting System">
      <UniqueIdentifier>{4F36489C-3C9B-4578-A1F6-9AB705625973}</UniqueIdentifier>
    </Filter>
    <Filter Include="源文件\07 Game Save Load Player Profile Settings">
      <UniqueIdentifier>{3263B976-9359-455B-887E-BB47F26E277C}</UniqueIdentifier>
    </Filter>
    <Filter Include="源文件\99 Project Self Checks For Game Systems">
      <UniqueIdentifier>{9DA2DCE0-F4E3-4647-96CD-6044502D6C71}</UniqueIdentifier>
    </Filter>
    <Filter Include="头文件\Common Game Code">
      <UniqueIdentifier>{949BD027-03C1-44B6-9D80-A69E8978FD1B}</UniqueIdentifier>
    </Filter>
  </ItemGroup>
  <ItemGroup>
    <ClCompile Include="..\01_Game_Loop_Input_Collision\GameLoopDemo.cpp">
      <Filter>源文件\01 Game Loop Input Collision</Filter>
    </ClCompile>
    <ClCompile Include="..\02_Shooter_Weapon_Bullet_System\ShooterDemo.cpp">
      <Filter>源文件\02 Shooter Weapon Bullet System</Filter>
    </ClCompile>
    <ClCompile Include="..\03_Soulslike_Stamina_Dodge_Parry_Combat\SoulslikeDemo.cpp">
      <Filter>源文件\03 Soulslike Stamina Dodge Parry Combat</Filter>
    </ClCompile>
    <ClCompile Include="..\04_Action_RPG_Ability_Inventory_Quest\ActionRPGDemo.cpp">
      <Filter>源文件\04 Action RPG Ability Inventory Quest</Filter>
    </ClCompile>
    <ClCompile Include="..\05_Enemy_AI_State_Machine_Patrol_Chase_Attack\EnemyAIDemo.cpp">
      <Filter>源文件\05 Enemy AI State Machine Patrol Chase Attack</Filter>
    </ClCompile>
    <ClCompile Include="..\06_Action_Game_Combo_LockOn_Targeting_System\ComboLockOnDemo.cpp">
      <Filter>源文件\06 Action Game Combo LockOn Targeting System</Filter>
    </ClCompile>
    <ClCompile Include="..\07_Game_Save_Load_Player_Profile_Settings\SaveLoadDemo.cpp">
      <Filter>源文件\07 Game Save Load Player Profile Settings</Filter>
    </ClCompile>
    <ClCompile Include="..\99_Project_Self_Checks_For_Game_Systems\SelfCheckDemo.cpp">
      <Filter>源文件\99 Project Self Checks For Game Systems</Filter>
    </ClCompile>
    <ClCompile Include="Game_ProgrammingReference.cpp">
      <Filter>源文件</Filter>
    </ClCompile>
  </ItemGroup>
  <ItemGroup>
    <ClInclude Include="..\01_Game_Loop_Input_Collision\GameLoopDemo.h">
      <Filter>源文件\01 Game Loop Input Collision</Filter>
    </ClInclude>
    <ClInclude Include="..\02_Shooter_Weapon_Bullet_System\ShooterDemo.h">
      <Filter>源文件\02 Shooter Weapon Bullet System</Filter>
    </ClInclude>
    <ClInclude Include="..\03_Soulslike_Stamina_Dodge_Parry_Combat\SoulslikeDemo.h">
      <Filter>源文件\03 Soulslike Stamina Dodge Parry Combat</Filter>
    </ClInclude>
    <ClInclude Include="..\04_Action_RPG_Ability_Inventory_Quest\ActionRPGDemo.h">
      <Filter>源文件\04 Action RPG Ability Inventory Quest</Filter>
    </ClInclude>
    <ClInclude Include="..\05_Enemy_AI_State_Machine_Patrol_Chase_Attack\EnemyAIDemo.h">
      <Filter>源文件\05 Enemy AI State Machine Patrol Chase Attack</Filter>
    </ClInclude>
    <ClInclude Include="..\06_Action_Game_Combo_LockOn_Targeting_System\ComboLockOnDemo.h">
      <Filter>源文件\06 Action Game Combo LockOn Targeting System</Filter>
    </ClInclude>
    <ClInclude Include="..\07_Game_Save_Load_Player_Profile_Settings\SaveLoadDemo.h">
      <Filter>源文件\07 Game Save Load Player Profile Settings</Filter>
    </ClInclude>
    <ClInclude Include="..\99_Project_Self_Checks_For_Game_Systems\SelfCheckDemo.h">
      <Filter>源文件\99 Project Self Checks For Game Systems</Filter>
    </ClInclude>
    <ClInclude Include="..\Common_Game_Code\Gameplay\CooldownTimer.h">
      <Filter>头文件\Common Game Code</Filter>
    </ClInclude>
    <ClInclude Include="..\Common_Game_Code\Gameplay\HealthComponent.h">
      <Filter>头文件\Common Game Code</Filter>
    </ClInclude>
    <ClInclude Include="..\Common_Game_Code\Gameplay\ResourcePool.h">
      <Filter>头文件\Common Game Code</Filter>
    </ClInclude>
    <ClInclude Include="..\Common_Game_Code\Math\Vector2.h">
      <Filter>头文件\Common Game Code</Filter>
    </ClInclude>
  </ItemGroup>
</Project>
